# This file is auto-generated by cowork. Do not edit manually.

version = 1

[[package]]
name = "coding-guidelines"
version = "20260503.234634"
source = "dev"
scope = "global"
type = "symlink"
install_path = "/Users/luca/.claude/skills/coding-guidelines"
source_path = "/Users/luca/.cowork/repos/rust-skills/skills/coding-guidelines"
installed_at = "2026-05-03T23:46:34.633580Z"
updated_at = "2026-05-03T23:46:34.633580Z"
enabled = true

[[package]]
name = "core-actionbook"
version = "20260503.234634"
source = "dev"
scope = "global"
type = "symlink"
install_path = "/Users/luca/.claude/skills/core-actionbook"
source_path = "/Users/luca/.cowork/repos/rust-skills/skills/core-actionbook"
installed_at = "2026-05-03T23:46:34.635190Z"
updated_at = "2026-05-03T23:46:34.635190Z"
enabled = true

[[package]]
name = "core-agent-browser"
version = "20260503.234634"
source = "dev"
scope = "global"
type = "symlink"
install_path = "/Users/luca/.claude/skills/core-agent-browser"
source_path = "/Users/luca/.cowork/repos/rust-skills/skills/core-agent-browser"
installed_at = "2026-05-03T23:46:34.636247Z"
updated_at = "2026-05-03T23:46:34.636247Z"
enabled = true

[[package]]
name = "core-dynamic-skills"
version = "20260503.234634"
source = "dev"
scope = "global"
type = "symlink"
install_path = "/Users/luca/.claude/skills/core-dynamic-skills"
source_path = "/Users/luca/.cowork/repos/rust-skills/skills/core-dynamic-skills"
installed_at = "2026-05-03T23:46:34.634681Z"
updated_at = "2026-05-03T23:46:34.634681Z"
enabled = true

[[package]]
name = "core-fix-skill-docs"
version = "20260503.234634"
source = "dev"
scope = "global"
type = "symlink"
install_path = "/Users/luca/.claude/skills/core-fix-skill-docs"
source_path = "/Users/luca/.cowork/repos/rust-skills/skills/core-fix-skill-docs"
installed_at = "2026-05-03T23:46:34.635917Z"
updated_at = "2026-05-03T23:46:34.635917Z"
enabled = true

[[package]]
name = "domain-cli"
version = "20260503.234634"
source = "dev"
scope = "global"
type = "symlink"
install_path = "/Users/luca/.claude/skills/domain-cli"
source_path = "/Users/luca/.cowork/repos/rust-skills/skills/domain-cli"
installed_at = "2026-05-03T23:46:34.632836Z"
updated_at = "2026-05-03T23:46:34.632836Z"
enabled = true

[[package]]
name = "domain-cloud-native"
version = "20260503.234634"
source = "dev"
scope = "global"
type = "symlink"
install_path = "/Users/luca/.claude/skills/domain-cloud-native"
source_path = "/Users/luca/.cowork/repos/rust-skills/skills/domain-cloud-native"
installed_at = "2026-05-03T23:46:34.632934Z"
updated_at = "2026-05-03T23:46:34.632934Z"
enabled = true

[[package]]
name = "domain-embedded"
version = "20260503.234634"
source = "dev"
scope = "global"
type = "symlink"
install_path = "/Users/luca/.claude/skills/domain-embedded"
source_path = "/Users/luca/.cowork/repos/rust-skills/skills/domain-embedded"
installed_at = "2026-05-03T23:46:34.635593Z"
updated_at = "2026-05-03T23:46:34.635593Z"
enabled = true

[[package]]
name = "domain-fintech"
version = "20260503.234634"
source = "dev"
scope = "global"
type = "symlink"
install_path = "/Users/luca/.claude/skills/domain-fintech"
source_path = "/Users/luca/.cowork/repos/rust-skills/skills/domain-fintech"
installed_at = "2026-05-03T23:46:34.634782Z"
updated_at = "2026-05-03T23:46:34.634782Z"
enabled = true

[[package]]
name = "domain-iot"
version = "20260503.234634"
source = "dev"
scope = "global"
type = "symlink"
install_path = "/Users/luca/.claude/skills/domain-iot"
source_path = "/Users/luca/.cowork/repos/rust-skills/skills/domain-iot"
installed_at = "2026-05-03T23:46:34.635810Z"
updated_at = "2026-05-03T23:46:34.635810Z"
enabled = true

[[package]]
name = "domain-ml"
version = "20260503.234634"
source = "dev"
scope = "global"
type = "symlink"
install_path = "/Users/luca/.claude/skills/domain-ml"
source_path = "/Users/luca/.cowork/repos/rust-skills/skills/domain-ml"
installed_at = "2026-05-03T23:46:34.636343Z"
updated_at = "2026-05-03T23:46:34.636343Z"
enabled = true

[[package]]
name = "domain-web"
version = "20260503.234634"
source = "dev"
scope = "global"
type = "symlink"
install_path = "/Users/luca/.claude/skills/domain-web"
source_path = "/Users/luca/.cowork/repos/rust-skills/skills/domain-web"
installed_at = "2026-05-03T23:46:34.635289Z"
updated_at = "2026-05-03T23:46:34.635289Z"
enabled = true

[[package]]
name = "m01-ownership"
version = "20260503.234634"
source = "dev"
scope = "global"
type = "symlink"
install_path = "/Users/luca/.claude/skills/m01-ownership"
source_path = "/Users/luca/.cowork/repos/rust-skills/skills/m01-ownership"
installed_at = "2026-05-03T23:46:34.634326Z"
updated_at = "2026-05-03T23:46:34.634326Z"
enabled = true

[[package]]
name = "m02-resource"
version = "20260503.234634"
source = "dev"
scope = "global"
type = "symlink"
install_path = "/Users/luca/.claude/skills/m02-resource"
source_path = "/Users/luca/.cowork/repos/rust-skills/skills/m02-resource"
installed_at = "2026-05-03T23:46:34.634887Z"
updated_at = "2026-05-03T23:46:34.634887Z"
enabled = true

[[package]]
name = "m03-mutability"
version = "20260503.234634"
source = "dev"
scope = "global"
type = "symlink"
install_path = "/Users/luca/.claude/skills/m03-mutability"
source_path = "/Users/luca/.cowork/repos/rust-skills/skills/m03-mutability"
installed_at = "2026-05-03T23:46:34.634173Z"
updated_at = "2026-05-03T23:46:34.634173Z"
enabled = true

[[package]]
name = "m04-zero-cost"
version = "20260503.234634"
source = "dev"
scope = "global"
type = "symlink"
install_path = "/Users/luca/.claude/skills/m04-zero-cost"
source_path = "/Users/luca/.cowork/repos/rust-skills/skills/m04-zero-cost"
installed_at = "2026-05-03T23:46:34.633383Z"
updated_at = "2026-05-03T23:46:34.633383Z"
enabled = true

[[package]]
name = "m05-type-driven"
version = "20260503.234634"
source = "dev"
scope = "global"
type = "symlink"
install_path = "/Users/luca/.claude/skills/m05-type-driven"
source_path = "/Users/luca/.cowork/repos/rust-skills/skills/m05-type-driven"
installed_at = "2026-05-03T23:46:34.635700Z"
updated_at = "2026-05-03T23:46:34.635700Z"
enabled = true

[[package]]
name = "m06-error-handling"
version = "20260503.234634"
source = "dev"
scope = "global"
type = "symlink"
install_path = "/Users/luca/.claude/skills/m06-error-handling"
source_path = "/Users/luca/.cowork/repos/rust-skills/skills/m06-error-handling"
installed_at = "2026-05-03T23:46:34.635388Z"
updated_at = "2026-05-03T23:46:34.635388Z"
enabled = true

[[package]]
name = "m07-concurrency"
version = "20260503.234634"
source = "dev"
scope = "global"
type = "symlink"
install_path = "/Users/luca/.claude/skills/m07-concurrency"
source_path = "/Users/luca/.cowork/repos/rust-skills/skills/m07-concurrency"
installed_at = "2026-05-03T23:46:34.631657Z"
updated_at = "2026-05-03T23:46:34.631657Z"
enabled = true

[[package]]
name = "m09-domain"
version = "20260503.234634"
source = "dev"
scope = "global"
type = "symlink"
install_path = "/Users/luca/.claude/skills/m09-domain"
source_path = "/Users/luca/.cowork/repos/rust-skills/skills/m09-domain"
installed_at = "2026-05-03T23:46:34.633686Z"
updated_at = "2026-05-03T23:46:34.633686Z"
enabled = true

[[package]]
name = "m10-performance"
version = "20260503.234634"
source = "dev"
scope = "global"
type = "symlink"
install_path = "/Users/luca/.claude/skills/m10-performance"
source_path = "/Users/luca/.cowork/repos/rust-skills/skills/m10-performance"
installed_at = "2026-05-03T23:46:34.635092Z"
updated_at = "2026-05-03T23:46:34.635092Z"
enabled = true

[[package]]
name = "m11-ecosystem"
version = "20260503.234634"
source = "dev"
scope = "global"
type = "symlink"
install_path = "/Users/luca/.claude/skills/m11-ecosystem"
source_path = "/Users/luca/.cowork/repos/rust-skills/skills/m11-ecosystem"
installed_at = "2026-05-03T23:46:34.632736Z"
updated_at = "2026-05-03T23:46:34.632736Z"
enabled = true

[[package]]
name = "m12-lifecycle"
version = "20260503.234634"
source = "dev"
scope = "global"
type = "symlink"
install_path = "/Users/luca/.claude/skills/m12-lifecycle"
source_path = "/Users/luca/.cowork/repos/rust-skills/skills/m12-lifecycle"
installed_at = "2026-05-03T23:46:34.632510Z"
updated_at = "2026-05-03T23:46:34.632510Z"
enabled = true

[[package]]
name = "m13-domain-error"
version = "20260503.234634"
source = "dev"
scope = "global"
type = "symlink"
install_path = "/Users/luca/.claude/skills/m13-domain-error"
source_path = "/Users/luca/.cowork/repos/rust-skills/skills/m13-domain-error"
installed_at = "2026-05-03T23:46:34.632629Z"
updated_at = "2026-05-03T23:46:34.632629Z"
enabled = true

[[package]]
name = "m14-mental-model"
version = "20260503.234634"
source = "dev"
scope = "global"
type = "symlink"
install_path = "/Users/luca/.claude/skills/m14-mental-model"
source_path = "/Users/luca/.cowork/repos/rust-skills/skills/m14-mental-model"
installed_at = "2026-05-03T23:46:34.634014Z"
updated_at = "2026-05-03T23:46:34.634014Z"
enabled = true

[[package]]
name = "m15-anti-pattern"
version = "20260503.234634"
source = "dev"
scope = "global"
type = "symlink"
install_path = "/Users/luca/.claude/skills/m15-anti-pattern"
source_path = "/Users/luca/.cowork/repos/rust-skills/skills/m15-anti-pattern"
installed_at = "2026-05-03T23:46:34.632296Z"
updated_at = "2026-05-03T23:46:34.632296Z"
enabled = true

[[package]]
name = "meta-cognition-parallel"
version = "20260503.234634"
source = "dev"
scope = "global"
type = "symlink"
install_path = "/Users/luca/.claude/skills/meta-cognition-parallel"
source_path = "/Users/luca/.cowork/repos/rust-skills/skills/meta-cognition-parallel"
installed_at = "2026-05-03T23:46:34.633482Z"
updated_at = "2026-05-03T23:46:34.633482Z"
enabled = true

[[package]]
name = "rust-call-graph"
version = "20260503.234634"
source = "dev"
scope = "global"
type = "symlink"
install_path = "/Users/luca/.claude/skills/rust-call-graph"
source_path = "/Users/luca/.cowork/repos/rust-skills/skills/rust-call-graph"
installed_at = "2026-05-03T23:46:34.632405Z"
updated_at = "2026-05-03T23:46:34.632405Z"
enabled = true

[[package]]
name = "rust-code-navigator"
version = "20260503.234634"
source = "dev"
scope = "global"
type = "symlink"
install_path = "/Users/luca/.claude/skills/rust-code-navigator"
source_path = "/Users/luca/.cowork/repos/rust-skills/skills/rust-code-navigator"
installed_at = "2026-05-03T23:46:34.633915Z"
updated_at = "2026-05-03T23:46:34.633915Z"
enabled = true

[[package]]
name = "rust-daily"
version = "20260503.234634"
source = "dev"
scope = "global"
type = "symlink"
install_path = "/Users/luca/.claude/skills/rust-daily"
source_path = "/Users/luca/.cowork/repos/rust-skills/skills/rust-daily"
installed_at = "2026-05-03T23:46:34.636024Z"
updated_at = "2026-05-03T23:46:34.636024Z"
enabled = true

[[package]]
name = "rust-deps-visualizer"
version = "20260503.234634"
source = "dev"
scope = "global"
type = "symlink"
install_path = "/Users/luca/.claude/skills/rust-deps-visualizer"
source_path = "/Users/luca/.cowork/repos/rust-skills/skills/rust-deps-visualizer"
installed_at = "2026-05-03T23:46:34.634995Z"
updated_at = "2026-05-03T23:46:34.634995Z"
enabled = true

[[package]]
name = "rust-learner"
version = "20260503.234634"
source = "dev"
scope = "global"
type = "symlink"
install_path = "/Users/luca/.claude/skills/rust-learner"
source_path = "/Users/luca/.cowork/repos/rust-skills/skills/rust-learner"
installed_at = "2026-05-03T23:46:34.630222Z"
updated_at = "2026-05-03T23:46:34.630222Z"
enabled = true

[[package]]
name = "rust-refactor-helper"
version = "20260503.234634"
source = "dev"
scope = "global"
type = "symlink"
install_path = "/Users/luca/.claude/skills/rust-refactor-helper"
source_path = "/Users/luca/.cowork/repos/rust-skills/skills/rust-refactor-helper"
installed_at = "2026-05-03T23:46:34.633250Z"
updated_at = "2026-05-03T23:46:34.633250Z"
enabled = true

[[package]]
name = "rust-router"
version = "20260503.234634"
source = "dev"
scope = "global"
type = "symlink"
install_path = "/Users/luca/.claude/skills/rust-router"
source_path = "/Users/luca/.cowork/repos/rust-skills/skills/rust-router"
installed_at = "2026-05-03T23:46:34.633034Z"
updated_at = "2026-05-03T23:46:34.633034Z"
enabled = true

[[package]]
name = "rust-skill-creator"
version = "20260503.234634"
source = "dev"
scope = "global"
type = "symlink"
install_path = "/Users/luca/.claude/skills/rust-skill-creator"
source_path = "/Users/luca/.cowork/repos/rust-skills/skills/rust-skill-creator"
installed_at = "2026-05-03T23:46:34.633794Z"
updated_at = "2026-05-03T23:46:34.633794Z"
enabled = true

[[package]]
name = "rust-symbol-analyzer"
version = "20260503.234634"
source = "dev"
scope = "global"
type = "symlink"
install_path = "/Users/luca/.claude/skills/rust-symbol-analyzer"
source_path = "/Users/luca/.cowork/repos/rust-skills/skills/rust-symbol-analyzer"
installed_at = "2026-05-03T23:46:34.636140Z"
updated_at = "2026-05-03T23:46:34.636140Z"
enabled = true

[[package]]
name = "rust-trait-explorer"
version = "20260503.234634"
source = "dev"
scope = "global"
type = "symlink"
install_path = "/Users/luca/.claude/skills/rust-trait-explorer"
source_path = "/Users/luca/.cowork/repos/rust-skills/skills/rust-trait-explorer"
installed_at = "2026-05-03T23:46:34.633141Z"
updated_at = "2026-05-03T23:46:34.633141Z"
enabled = true

[[package]]
name = "unsafe-checker"
version = "20260503.234634"
source = "dev"
scope = "global"
type = "symlink"
install_path = "/Users/luca/.claude/skills/unsafe-checker"
source_path = "/Users/luca/.cowork/repos/rust-skills/skills/unsafe-checker"
installed_at = "2026-05-03T23:46:34.635490Z"
updated_at = "2026-05-03T23:46:34.635490Z"
enabled = true
